PODS:
  - AFNetworking (2.5.4):
    - AFNetworking/NSURLConnection (= 2.5.4)
    - AFNetworking/NSURLSession (= 2.5.4)
    - AFNetworking/Reachability (= 2.5.4)
    - AFNetworking/Security (= 2.5.4)
    - AFNetworking/Serialization (= 2.5.4)
    - AFNetworking/UIKit (= 2.5.4)
  - AFNetworking/NSURLConnection (2.5.4):
    - AFNetworking/Reachability
    - AFNetworking/Security
    - AFNetworking/Serialization
  - AFNetworking/NSURLSession (2.5.4):
    - AFNetworking/Reachability
    - AFNetworking/Security
    - AFNetworking/Serialization
  - AFNetworking/Reachability (2.5.4)
  - AFNetworking/Security (2.5.4)
  - AFNetworking/Serialization (2.5.4)
  - AFNetworking/UIKit (2.5.4):
    - AFNetworking/NSURLConnection
    - AFNetworking/NSURLSession
  - MBProgressHUD (1.2.0)
  - PebbleKit (4.0.0)
  - SimulatorStatusMagic (2.7)

DEPENDENCIES:
  - AFNetworking
  - MBProgressHUD
  - PebbleKit
  - SimulatorStatusMagic

SPEC REPOS:
  https://github.com/CocoaPods/Specs.git:
    - AFNetworking
    - MBProgressHUD
    - PebbleKit
    - SimulatorStatusMagic

SPEC CHECKSUMS:
  AFNetworking: 05edc0ac4c4c8cf57bcf4b84be5b0744b6d8e71e
  MBProgressHUD: 3ee5efcc380f6a79a7cc9b363dd669c5e1ae7406
  PebbleKit: 4af7a5f57522cbd371f1798e6dd80bd21ac9d46f
  SimulatorStatusMagic: 4e15e56530b367e90dcd3b94fd272e833e9d8a44

PODFILE CHECKSUM: 54a422651bf36eb8a7efe48523b7466a9d4577ca

COCOAPODS: 1.16.2
